<?xml version="1.0" encoding="utf-8"?>
<Project ToolsVersion="4.0" xmlns="http://schemas.microsoft.com/developer/msbuild/2003">
  <ItemGroup>
    <Filter Include="Source Files">
      <UniqueIdentifier>{4FC737F1-C7A5-4376-A066-2A32D752A2FF}</UniqueIdentifier>
      <Extensions>cpp;c;cc;cxx;c++;cppm;ixx;def;odl;idl;hpj;bat;asm;asmx</Extensions>
    </Filter>
    <Filter Include="Header Files">
      <UniqueIdentifier>{93995380-89BD-4b04-88EB-625FBE52EBFB}</UniqueIdentifier>
      <Extensions>h;hh;hpp;hxx;h++;hm;inl;inc;ipp;xsd</Extensions>
    </Filter>
    <Filter Include="Resource Files">
      <UniqueIdentifier>{67DA6AB6-F800-4c08-8B7A-83BB121AAD01}</UniqueIdentifier>
      <Extensions>rc;ico;cur;bmp;dlg;rc2;rct;bin;rgs;gif;jpg;jpeg;jpe;resx;tiff;tif;png;wav;mfcribbon-ms</Extensions>
    </Filter>
  </ItemGroup>
  <ItemGroup>
    <ClCompile Include="Paterny_Classwork_3.cpp">
      <Filter>Source Files</Filter>
    </ClCompile>
    <ClCompile Include="Text_editor.cpp">
      <Filter>Source Files</Filter>
    </ClCompile>
    <ClCompile Include="Chat_Gpt.cpp">
      <Filter>Source Files</Filter>
    </ClCompile>
    <ClCompile Include="Color_Text.cpp">
      <Filter>Source Files</Filter>
    </ClCompile>
    <ClCompile Include="SmartHomeFacade.cpp">
      <Filter>Source Files</Filter>
    </ClCompile>
    <ClCompile Include="Electronic.cpp">
      <Filter>Source Files</Filter>
    </ClCompile>
    <ClCompile Include="Hand_Things.cpp">
      <Filter>Source Files</Filter>
    </ClCompile>
    <ClCompile Include="USB_Flash_Drive.cpp">
      <Filter>Source Files</Filter>
    </ClCompile>
    <ClCompile Include="Storage_Media.cpp">
      <Filter>Source Files</Filter>
    </ClCompile>
    <ClCompile Include="Hard_drive.cpp">
      <Filter>Source Files</Filter>
    </ClCompile>
  </ItemGroup>
  <ItemGroup>
    <ClInclude Include="Text_editor.h">
      <Filter>Header Files</Filter>
    </ClInclude>
    <ClInclude Include="Chat_Gpt.h">
      <Filter>Header Files</Filter>
    </ClInclude>
    <ClInclude Include="Color_Text.h">
      <Filter>Header Files</Filter>
    </ClInclude>
    <ClInclude Include="SmartHomeFacade.h">
      <Filter>Header Files</Filter>
    </ClInclude>
    <ClInclude Include="Electronic.h">
      <Filter>Header Files</Filter>
    </ClInclude>
    <ClInclude Include="Hand_Things.h">
      <Filter>Header Files</Filter>
    </ClInclude>
    <ClInclude Include="USB_Flash_Drive.h">
      <Filter>Header Files</Filter>
    </ClInclude>
    <ClInclude Include="Storage_Media.h">
      <Filter>Header Files</Filter>
    </ClInclude>
    <ClInclude Include="Hard_drive.h">
      <Filter>Header Files</Filter>
    </ClInclude>
  </ItemGroup>
</Project>